
Microsoft Visual Studio Solution File, Format Version 12.00
# Visual Studio Version 16
VisualStudioVersion = 16.0.30717.126
MinimumVisualStudioVersion = 10.0.40219.1
Project("{FAE04EC0-301F-11D3-BF4B-00C04F79EFBC}") = "BookListRazor", "BookListRazor.csproj", "{36BBFBDC-C04F-4651-9587-3138DDE14C8A}"
EndProject
Global
	GlobalSection(SolutionConfigurationPlatforms) = preSolution
		Debug|Any CPU = Debug|Any CPU
		Release|Any CPU = Release|Any CPU
	EndGlobalSection
	GlobalSection(ProjectConfigurationPlatforms) = postSolution
		{36BBFBDC-C04F-4651-9587-3138DDE14C8A}.Debug|Any CPU.ActiveCfg = Debug|Any CPU
		{36BBFBDC-C04F-4651-9587-3138DDE14C8A}.Debug|Any CPU.Build.0 = Debug|Any CPU
		{36BBFBDC-C04F-4651-9587-3138DDE14C8A}.Release|Any CPU.ActiveCfg = Release|Any CPU
		{36BBFBDC-C04F-4651-9587-3138DDE14C8A}.Release|Any CPU.Build.0 = Release|Any CPU
	EndGlobalSection
	GlobalSection(SolutionProperties) = preSolution
		HideSolutionNode = FALSE
	EndGlobalSection
	GlobalSection(ExtensibilityGlobals) = postSolution
		SolutionGuid = {6F92D006-87A4-41AA-8286-BA3C29ADD449}
	EndGlobalSection
EndGlobal
